# THIS IS AN AUTOGENERATED FILE. DO NOT EDIT THIS FILE DIRECTLY.
# yarn lockfile v1


react-moment@^1.0.0:
  version "1.0.0"
  resolved "https://registry.yarnpkg.com/react-moment/-/react-moment-1.0.0.tgz#aedac867cd08739065799de9452c898d954ba6d7"
  integrity sha512-J4iIiwUT4oZcL7cp2U7naQKbQtqvmzGXXBMg/DLj+Pi7n9EW0VhBRx/1aJ1Tp2poCqTCAPoadLEoUIkReGnNNg==
